
Microsoft Visual Studio Solution File, Format Version 12.00
# Visual Studio Version 17
VisualStudioVersion = 17.7.34221.43
MinimumVisualStudioVersion = 10.0.40219.1
Project("{FAE04EC0-301F-11D3-BF4B-00C04F79EFBC}") = "Notification_Sender_Windows", "Notification_Sender_Windows.csproj", "{559D0898-2ED3-41E5-A188-079EECB04470}"
EndProject
Global
	GlobalSection(SolutionConfigurationPlatforms) = preSolution
		Debug|ARM = Debug|ARM
		Debug|ARM64 = Debug|ARM64
		Debug|x64 = Debug|x64
		Debug|x86 = Debug|x86
		Release|ARM = Release|ARM
		Release|ARM64 = Release|ARM64
		Release|x64 = Release|x64
		Release|x86 = Release|x86
	EndGlobalSection
	GlobalSection(ProjectConfigurationPlatforms) = postSolution
		{559D0898-2ED3-41E5-A188-079EECB04470}.Debug|ARM.ActiveCfg = Debug|ARM
		{559D0898-2ED3-41E5-A188-079EECB04470}.Debug|ARM.Build.0 = Debug|ARM
		{559D0898-2ED3-41E5-A188-079EECB04470}.Debug|ARM.Deploy.0 = Debug|ARM
		{559D0898-2ED3-41E5-A188-079EECB04470}.Debug|ARM64.ActiveCfg = Debug|ARM64
		{559D0898-2ED3-41E5-A188-079EECB04470}.Debug|ARM64.Build.0 = Debug|ARM64
		{559D0898-2ED3-41E5-A188-079EECB04470}.Debug|ARM64.Deploy.0 = Debug|ARM64
		{559D0898-2ED3-41E5-A188-079EECB04470}.Debug|x64.ActiveCfg = Debug|x64
		{559D0898-2ED3-41E5-A188-079EECB04470}.Debug|x64.Build.0 = Debug|x64
		{559D0898-2ED3-41E5-A188-079EECB04470}.Debug|x64.Deploy.0 = Debug|x64
		{559D0898-2ED3-41E5-A188-079EECB04470}.Debug|x86.ActiveCfg = Debug|x86
		{559D0898-2ED3-41E5-A188-079EECB04470}.Debug|x86.Build.0 = Debug|x86
		{559D0898-2ED3-41E5-A188-079EECB04470}.Debug|x86.Deploy.0 = Debug|x86
		{559D0898-2ED3-41E5-A188-079EECB04470}.Release|ARM.ActiveCfg = Release|ARM
		{559D0898-2ED3-41E5-A188-079EECB04470}.Release|ARM.Build.0 = Release|ARM
		{559D0898-2ED3-41E5-A188-079EECB04470}.Release|ARM.Deploy.0 = Release|ARM
		{559D0898-2ED3-41E5-A188-079EECB04470}.Release|ARM64.ActiveCfg = Release|ARM64
		{559D0898-2ED3-41E5-A188-079EECB04470}.Release|ARM64.Build.0 = Release|ARM64
		{559D0898-2ED3-41E5-A188-079EECB04470}.Release|ARM64.Deploy.0 = Release|ARM64
		{559D0898-2ED3-41E5-A188-079EECB04470}.Release|x64.ActiveCfg = Release|x64
		{559D0898-2ED3-41E5-A188-079EECB04470}.Release|x64.Build.0 = Release|x64
		{559D0898-2ED3-41E5-A188-079EECB04470}.Release|x64.Deploy.0 = Release|x64
		{559D0898-2ED3-41E5-A188-079EECB04470}.Release|x86.ActiveCfg = Release|x86
		{559D0898-2ED3-41E5-A188-079EECB04470}.Release|x86.Build.0 = Release|x86
		{559D0898-2ED3-41E5-A188-079EECB04470}.Release|x86.Deploy.0 = Release|x86
	EndGlobalSection
	GlobalSection(SolutionProperties) = preSolution
		HideSolutionNode = FALSE
	EndGlobalSection
	GlobalSection(ExtensibilityGlobals) = postSolution
		SolutionGuid = {41783D68-DB42-4C25-8A7C-065C97ABCE94}
	EndGlobalSection
EndGlobal
